
Microsoft Visual Studio Solution File, Format Version 12.00
# Visual Studio Version 16
VisualStudioVersion = 16.0.30711.63
MinimumVisualStudioVersion = 10.0.40219.1
Project("{9A19103F-16F7-4668-BE54-9A1E7A4F7556}") = "AuthorAPI", "AuthorAPI\AuthorAPI.csproj", "{1DBC0201-C356-4359-B27F-299692C1C9D6}"
EndProject
Project("{FAE04EC0-301F-11D3-BF4B-00C04F79EFBC}") = "AuthorBlazor", "AuthorBlazor\AuthorBlazor.csproj", "{935FB386-4C24-47CA-905C-4EBE973CAAE4}"
EndProject
Global
	GlobalSection(SolutionConfigurationPlatforms) = preSolution
		Debug|Any CPU = Debug|Any CPU
		Release|Any CPU = Release|Any CPU
	EndGlobalSection
	GlobalSection(ProjectConfigurationPlatforms) = postSolution
		{1DBC0201-C356-4359-B27F-299692C1C9D6}.Debug|Any CPU.ActiveCfg = Debug|Any CPU
		{1DBC0201-C356-4359-B27F-299692C1C9D6}.Debug|Any CPU.Build.0 = Debug|Any CPU
		{1DBC0201-C356-4359-B27F-299692C1C9D6}.Release|Any CPU.ActiveCfg = Release|Any CPU
		{1DBC0201-C356-4359-B27F-299692C1C9D6}.Release|Any CPU.Build.0 = Release|Any CPU
		{935FB386-4C24-47CA-905C-4EBE973CAAE4}.Debug|Any CPU.ActiveCfg = Debug|Any CPU
		{935FB386-4C24-47CA-905C-4EBE973CAAE4}.Debug|Any CPU.Build.0 = Debug|Any CPU
		{935FB386-4C24-47CA-905C-4EBE973CAAE4}.Release|Any CPU.ActiveCfg = Release|Any CPU
		{935FB386-4C24-47CA-905C-4EBE973CAAE4}.Release|Any CPU.Build.0 = Release|Any CPU
	EndGlobalSection
	GlobalSection(SolutionProperties) = preSolution
		HideSolutionNode = FALSE
	EndGlobalSection
	GlobalSection(ExtensibilityGlobals) = postSolution
		SolutionGuid = {5BDA49D8-9508-4D47-B3B6-CA1E5098F501}
	EndGlobalSection
EndGlobal
